
Microsoft Visual Studio Solution File, Format Version 12.00
# Visual Studio 15
Project("{FAE04EC0-301F-11D3-BF4B-00C04F79EFBC}") = "HTTPError", "HTTPError\HTTPError.csproj", "{DDF578F6-1170-48BA-9FFA-2482646882D8}"
EndProject
Project("{FAE04EC0-301F-11D3-BF4B-00C04F79EFBC}") = "Test", "Test\Test.csproj", "{DECF13B6-F169-4E19-BD2F-261749FD08D6}"
EndProject
Global
	GlobalSection(SolutionConfigurationPlatforms) = preSolution
		Debug|Any CPU = Debug|Any CPU
		Release|Any CPU = Release|Any CPU
	EndGlobalSection
	GlobalSection(ProjectConfigurationPlatforms) = postSolution
		{DDF578F6-1170-48BA-9FFA-2482646882D8}.Debug|Any CPU.ActiveCfg = Debug|Any CPU
		{DDF578F6-1170-48BA-9FFA-2482646882D8}.Debug|Any CPU.Build.0 = Debug|Any CPU
		{DDF578F6-1170-48BA-9FFA-2482646882D8}.Release|Any CPU.ActiveCfg = Release|Any CPU
		{DDF578F6-1170-48BA-9FFA-2482646882D8}.Release|Any CPU.Build.0 = Release|Any CPU
		{DECF13B6-F169-4E19-BD2F-261749FD08D6}.Debug|Any CPU.ActiveCfg = Debug|Any CPU
		{DECF13B6-F169-4E19-BD2F-261749FD08D6}.Debug|Any CPU.Build.0 = Debug|Any CPU
		{DECF13B6-F169-4E19-BD2F-261749FD08D6}.Release|Any CPU.ActiveCfg = Release|Any CPU
		{DECF13B6-F169-4E19-BD2F-261749FD08D6}.Release|Any CPU.Build.0 = Release|Any CPU
	EndGlobalSection
EndGlobal
